
Microsoft Visual Studio Solution File, Format Version 12.00
# Visual Studio Version 17
VisualStudioVersion = 17.2.32616.157
MinimumVisualStudioVersion = 10.0.40219.1
Project("{9A19103F-16F7-4668-BE54-9A1E7A4F7556}") = "RazorPizzeria", "RazorPizzeria\RazorPizzeria.csproj", "{1E32EC4B-3FB8-43D8-B856-5008A0C8039D}"
EndProject
Global
	GlobalSection(SolutionConfigurationPlatforms) = preSolution
		Debug|Any CPU = Debug|Any CPU
		Release|Any CPU = Release|Any CPU
	EndGlobalSection
	GlobalSection(ProjectConfigurationPlatforms) = postSolution
		{1E32EC4B-3FB8-43D8-B856-5008A0C8039D}.Debug|Any CPU.ActiveCfg = Debug|Any CPU
		{1E32EC4B-3FB8-43D8-B856-5008A0C8039D}.Debug|Any CPU.Build.0 = Debug|Any CPU
		{1E32EC4B-3FB8-43D8-B856-5008A0C8039D}.Release|Any CPU.ActiveCfg = Release|Any CPU
		{1E32EC4B-3FB8-43D8-B856-5008A0C8039D}.Release|Any CPU.Build.0 = Release|Any CPU
	EndGlobalSection
	GlobalSection(SolutionProperties) = preSolution
		HideSolutionNode = FALSE
	EndGlobalSection
	GlobalSection(ExtensibilityGlobals) = postSolution
		SolutionGuid = {98F804C8-CC3C-4CE4-8205-9D7B73C1A6C9}
	EndGlobalSection
EndGlobal
